// !$*UTF8*$!
{
	archiveVersion = 1;
	classes = {
	};
	objectVersion = 56;
	objects = {

/* Begin PBXBuildFile section */
		0A99823929ACF970000C0C67 /* AppDelegate.swift in Sources */ = {isa = PBXBuildFile; fileRef = 0A99823829ACF970000C0C67 /* AppDelegate.swift */; };
		0A99823B29ACF970000C0C67 /* SceneDelegate.swift in Sources */ = {isa = PBXBuildFile; fileRef = 0A99823A29ACF970000C0C67 /* SceneDelegate.swift */; };
		0A99824229ACF972000C0C67 /* Assets.xcassets in Resources */ = {isa = PBXBuildFile; fileRef = 0A99824129ACF972000C0C67 /* Assets.xcassets */; };
		0A99824529ACF972000C0C67 /* LaunchScreen.storyboard in Resources */ = {isa = PBXBuildFile; fileRef = 0A99824329ACF972000C0C67 /* LaunchScreen.storyboard */; };
		0A99825029ACF972000C0C67 /* restmenuTests.swift in Sources */ = {isa = PBXBuildFile; fileRef = 0A99824F29ACF972000C0C67 /* restmenuTests.swift */; };
		0A99825A29ACF972000C0C67 /* restmenuUITests.swift in Sources */ = {isa = PBXBuildFile; fileRef = 0A99825929ACF972000C0C67 /* restmenuUITests.swift */; };
		0A99825C29ACF972000C0C67 /* restmenuUITestsLaunchTests.swift in Sources */ = {isa = PBXBuildFile; fileRef = 0A99825B29ACF972000C0C67 /* restmenuUITestsLaunchTests.swift */; };
		0A99826B29ADC4AE000C0C67 /* Coordinator.swift in Sources */ = {isa = PBXBuildFile; fileRef = 0A99826A29ADC4AE000C0C67 /* Coordinator.swift */; };
		0A99826D29ADC4D1000C0C67 /* Route.swift in Sources */ = {isa = PBXBuildFile; fileRef = 0A99826C29ADC4D1000C0C67 /* Route.swift */; };
		0A99826F29ADC4EB000C0C67 /* DeepLink.swift in Sources */ = {isa = PBXBuildFile; fileRef = 0A99826E29ADC4EB000C0C67 /* DeepLink.swift */; };
		0A99827129ADC508000C0C67 /* BaseCoordinator.swift in Sources */ = {isa = PBXBuildFile; fileRef = 0A99827029ADC508000C0C67 /* BaseCoordinator.swift */; };
		0A99827529ADC65F000C0C67 /* AppCoordinator.swift in Sources */ = {isa = PBXBuildFile; fileRef = 0A99827429ADC65F000C0C67 /* AppCoordinator.swift */; };
		0A99827829ADC6DD000C0C67 /* BaseController.swift in Sources */ = {isa = PBXBuildFile; fileRef = 0A99827729ADC6DD000C0C67 /* BaseController.swift */; };
		0A99827A29ADC6E5000C0C67 /* BaseView.swift in Sources */ = {isa = PBXBuildFile; fileRef = 0A99827929ADC6E5000C0C67 /* BaseView.swift */; };
		0A99827C29ADC6EE000C0C67 /* BaseViewModel.swift in Sources */ = {isa = PBXBuildFile; fileRef = 0A99827B29ADC6EE000C0C67 /* BaseViewModel.swift */; };
		0A99827F29ADC798000C0C67 /* AppColor.swift in Sources */ = {isa = PBXBuildFile; fileRef = 0A99827E29ADC798000C0C67 /* AppColor.swift */; };
		0A99828329ADC80B000C0C67 /* HomeCoordinator.swift in Sources */ = {isa = PBXBuildFile; fileRef = 0A99828229ADC80B000C0C67 /* HomeCoordinator.swift */; };
		0A99828629ADC903000C0C67 /* HomeController.swift in Sources */ = {isa = PBXBuildFile; fileRef = 0A99828529ADC903000C0C67 /* HomeController.swift */; };
		0A99828829ADC90A000C0C67 /* HomeView.swift in Sources */ = {isa = PBXBuildFile; fileRef = 0A99828729ADC90A000C0C67 /* HomeView.swift */; };
		0A99828A29ADC913000C0C67 /* HomeViewModel.swift in Sources */ = {isa = PBXBuildFile; fileRef = 0A99828929ADC913000C0C67 /* HomeViewModel.swift */; };
		0A99828E29ADFA5A000C0C67 /* FoodItemCell.swift in Sources */ = {isa = PBXBuildFile; fileRef = 0A99828D29ADFA5A000C0C67 /* FoodItemCell.swift */; };
		0A99829129ADFAD7000C0C67 /* Kingfisher in Frameworks */ = {isa = PBXBuildFile; productRef = 0A99829029ADFAD7000C0C67 /* Kingfisher */; };
		0A99829329ADFDA7000C0C67 /* Home+CollectionView.swift in Sources */ = {isa = PBXBuildFile; fileRef = 0A99829229ADFDA7000C0C67 /* Home+CollectionView.swift */; };
		0A99829629AE0FFD000C0C67 /* InfoView.swift in Sources */ = {isa = PBXBuildFile; fileRef = 0A99829529AE0FFD000C0C67 /* InfoView.swift */; };
		0A99829929AE256A000C0C67 /* FoodItem.swift in Sources */ = {isa = PBXBuildFile; fileRef = 0A99829829AE256A000C0C67 /* FoodItem.swift */; };
		0A99829B29AE25C0000C0C67 /* FoodCategory.swift in Sources */ = {isa = PBXBuildFile; fileRef = 0A99829A29AE25C0000C0C67 /* FoodCategory.swift */; };
		0A99829D29AE28B6000C0C67 /* HeaderView.swift in Sources */ = {isa = PBXBuildFile; fileRef = 0A99829C29AE28B6000C0C67 /* HeaderView.swift */; };
		0A9982A029AE2B9E000C0C67 /* FoodItemDetailController.swift in Sources */ = {isa = PBXBuildFile; fileRef = 0A99829F29AE2B9E000C0C67 /* FoodItemDetailController.swift */; };
		0A9982A229AE2BAA000C0C67 /* FoodItemDetailView.swift in Sources */ = {isa = PBXBuildFile; fileRef = 0A9982A129AE2BAA000C0C67 /* FoodItemDetailView.swift */; };
		0A9982A429AE2BB9000C0C67 /* FoodItemDetailViewModel.swift in Sources */ = {isa = PBXBuildFile; fileRef = 0A9982A329AE2BB9000C0C67 /* FoodItemDetailViewModel.swift */; };
		0A9982A729AE2BD0000C0C67 /* CartController.swift in Sources */ = {isa = PBXBuildFile; fileRef = 0A9982A629AE2BD0000C0C67 /* CartController.swift */; };
		0A9982A929AE2BDA000C0C67 /* CartViewModel.swift in Sources */ = {isa = PBXBuildFile; fileRef = 0A9982A829AE2BDA000C0C67 /* CartViewModel.swift */; };
		0A9982AB29AE2BE3000C0C67 /* CartView.swift in Sources */ = {isa = PBXBuildFile; fileRef = 0A9982AA29AE2BE3000C0C67 /* CartView.swift */; };
		0A9982AE29AE2C03000C0C67 /* CheckoutController.swift in Sources */ = {isa = PBXBuildFile; fileRef = 0A9982AD29AE2C03000C0C67 /* CheckoutController.swift */; };
		0A9982B029AE2C0D000C0C67 /* CheckoutViewModel.swift in Sources */ = {isa = PBXBuildFile; fileRef = 0A9982AF29AE2C0D000C0C67 /* CheckoutViewModel.swift */; };
		0A9982B229AE2C17000C0C67 /* CheckoutView.swift in Sources */ = {isa = PBXBuildFile; fileRef = 0A9982B129AE2C17000C0C67 /* CheckoutView.swift */; };
/* End PBXBuildFile section */

/* Begin PBXContainerItemProxy section */
		0A99824C29ACF972000C0C67 /* PBXContainerItemProxy */ = {
			isa = PBXContainerItemProxy;
			containerPortal = 0A99822D29ACF970000C0C67 /* Project object */;
			proxyType = 1;
			remoteGlobalIDString = 0A99823429ACF970000C0C67;
			remoteInfo = restmenu;
		};
		0A99825629ACF972000C0C67 /* PBXContainerItemProxy */ = {
			isa = PBXContainerItemProxy;
			containerPortal = 0A99822D29ACF970000C0C67 /* Project object */;
			proxyType = 1;
			remoteGlobalIDString = 0A99823429ACF970000C0C67;
			remoteInfo = restmenu;
		};
/* End PBXContainerItemProxy section */

/* Begin PBXFileReference section */
		0A99823529ACF970000C0C67 /* restmenu.app */ = {isa = PBXFileReference; explicitFileType = wrapper.application; includeInIndex = 0; path = restmenu.app; sourceTree = BUILT_PRODUCTS_DIR; };
		0A99823829ACF970000C0C67 /* AppDelegate.swift */ = {isa = PBXFileReference; lastKnownFileType = sourcecode.swift; path = AppDelegate.swift; sourceTree = "<group>"; };
		0A99823A29ACF970000C0C67 /* SceneDelegate.swift */ = {isa = PBXFileReference; lastKnownFileType = sourcecode.swift; path = SceneDelegate.swift; sourceTree = "<group>"; };
		0A99824129ACF972000C0C67 /* Assets.xcassets */ = {isa = PBXFileReference; lastKnownFileType = folder.assetcatalog; path = Assets.xcassets; sourceTree = "<group>"; };
		0A99824429ACF972000C0C67 /* Base */ = {isa = PBXFileReference; lastKnownFileType = file.storyboard; name = Base; path = Base.lproj/LaunchScreen.storyboard; sourceTree = "<group>"; };
		0A99824629ACF972000C0C67 /* Info.plist */ = {isa = PBXFileReference; lastKnownFileType = text.plist.xml; path = Info.plist; sourceTree = "<group>"; };
		0A99824B29ACF972000C0C67 /* restmenuTests.xctest */ = {isa = PBXFileReference; explicitFileType = wrapper.cfbundle; includeInIndex = 0; path = restmenuTests.xctest; sourceTree = BUILT_PRODUCTS_DIR; };
		0A99824F29ACF972000C0C67 /* restmenuTests.swift */ = {isa = PBXFileReference; lastKnownFileType = sourcecode.swift; path = restmenuTests.swift; sourceTree = "<group>"; };
		0A99825529ACF972000C0C67 /* restmenuUITests.xctest */ = {isa = PBXFileReference; explicitFileType = wrapper.cfbundle; includeInIndex = 0; path = restmenuUITests.xctest; sourceTree = BUILT_PRODUCTS_DIR; };
		0A99825929ACF972000C0C67 /* restmenuUITests.swift */ = {isa = PBXFileReference; lastKnownFileType = sourcecode.swift; path = restmenuUITests.swift; sourceTree = "<group>"; };
		0A99825B29ACF972000C0C67 /* restmenuUITestsLaunchTests.swift */ = {isa = PBXFileReference; lastKnownFileType = sourcecode.swift; path = restmenuUITestsLaunchTests.swift; sourceTree = "<group>"; };
		0A99826A29ADC4AE000C0C67 /* Coordinator.swift */ = {isa = PBXFileReference; lastKnownFileType = sourcecode.swift; path = Coordinator.swift; sourceTree = "<group>"; };
		0A99826C29ADC4D1000C0C67 /* Route.swift */ = {isa = PBXFileReference; lastKnownFileType = sourcecode.swift; path = Route.swift; sourceTree = "<group>"; };
		0A99826E29ADC4EB000C0C67 /* DeepLink.swift */ = {isa = PBXFileReference; lastKnownFileType = sourcecode.swift; path = DeepLink.swift; sourceTree = "<group>"; };
		0A99827029ADC508000C0C67 /* BaseCoordinator.swift */ = {isa = PBXFileReference; lastKnownFileType = sourcecode.swift; path = BaseCoordinator.swift; sourceTree = "<group>"; };
		0A99827429ADC65F000C0C67 /* AppCoordinator.swift */ = {isa = PBXFileReference; lastKnownFileType = sourcecode.swift; path = AppCoordinator.swift; sourceTree = "<group>"; };
		0A99827729ADC6DD000C0C67 /* BaseController.swift */ = {isa = PBXFileReference; lastKnownFileType = sourcecode.swift; path = BaseController.swift; sourceTree = "<group>"; };
		0A99827929ADC6E5000C0C67 /* BaseView.swift */ = {isa = PBXFileReference; lastKnownFileType = sourcecode.swift; path = BaseView.swift; sourceTree = "<group>"; };
		0A99827B29ADC6EE000C0C67 /* BaseViewModel.swift */ = {isa = PBXFileReference; lastKnownFileType = sourcecode.swift; path = BaseViewModel.swift; sourceTree = "<group>"; };
		0A99827E29ADC798000C0C67 /* AppColor.swift */ = {isa = PBXFileReference; lastKnownFileType = sourcecode.swift; path = AppColor.swift; sourceTree = "<group>"; };
		0A99828229ADC80B000C0C67 /* HomeCoordinator.swift */ = {isa = PBXFileReference; lastKnownFileType = sourcecode.swift; path = HomeCoordinator.swift; sourceTree = "<group>"; };
		0A99828529ADC903000C0C67 /* HomeController.swift */ = {isa = PBXFileReference; lastKnownFileType = sourcecode.swift; path = HomeController.swift; sourceTree = "<group>"; };
		0A99828729ADC90A000C0C67 /* HomeView.swift */ = {isa = PBXFileReference; lastKnownFileType = sourcecode.swift; path = HomeView.swift; sourceTree = "<group>"; };
		0A99828929ADC913000C0C67 /* HomeViewModel.swift */ = {isa = PBXFileReference; lastKnownFileType = sourcecode.swift; path = HomeViewModel.swift; sourceTree = "<group>"; };
		0A99828D29ADFA5A000C0C67 /* FoodItemCell.swift */ = {isa = PBXFileReference; lastKnownFileType = sourcecode.swift; path = FoodItemCell.swift; sourceTree = "<group>"; };
		0A99829229ADFDA7000C0C67 /* Home+CollectionView.swift */ = {isa = PBXFileReference; lastKnownFileType = sourcecode.swift; path = "Home+CollectionView.swift"; sourceTree = "<group>"; };
		0A99829529AE0FFD000C0C67 /* InfoView.swift */ = {isa = PBXFileReference; lastKnownFileType = sourcecode.swift; path = InfoView.swift; sourceTree = "<group>"; };
		0A99829829AE256A000C0C67 /* FoodItem.swift */ = {isa = PBXFileReference; lastKnownFileType = sourcecode.swift; path = FoodItem.swift; sourceTree = "<group>"; };
		0A99829A29AE25C0000C0C67 /* FoodCategory.swift */ = {isa = PBXFileReference; lastKnownFileType = sourcecode.swift; path = FoodCategory.swift; sourceTree = "<group>"; };
		0A99829C29AE28B6000C0C67 /* HeaderView.swift */ = {isa = PBXFileReference; lastKnownFileType = sourcecode.swift; path = HeaderView.swift; sourceTree = "<group>"; };
		0A99829F29AE2B9E000C0C67 /* FoodItemDetailController.swift */ = {isa = PBXFileReference; lastKnownFileType = sourcecode.swift; path = FoodItemDetailController.swift; sourceTree = "<group>"; };
		0A9982A129AE2BAA000C0C67 /* FoodItemDetailView.swift */ = {isa = PBXFileReference; lastKnownFileType = sourcecode.swift; path = FoodItemDetailView.swift; sourceTree = "<group>"; };
		0A9982A329AE2BB9000C0C67 /* FoodItemDetailViewModel.swift */ = {isa = PBXFileReference; lastKnownFileType = sourcecode.swift; path = FoodItemDetailViewModel.swift; sourceTree = "<group>"; };
		0A9982A629AE2BD0000C0C67 /* CartController.swift */ = {isa = PBXFileReference; lastKnownFileType = sourcecode.swift; path = CartController.swift; sourceTree = "<group>"; };
		0A9982A829AE2BDA000C0C67 /* CartViewModel.swift */ = {isa = PBXFileReference; lastKnownFileType = sourcecode.swift; path = CartViewModel.swift; sourceTree = "<group>"; };
		0A9982AA29AE2BE3000C0C67 /* CartView.swift */ = {isa = PBXFileReference; lastKnownFileType = sourcecode.swift; path = CartView.swift; sourceTree = "<group>"; };
		0A9982AD29AE2C03000C0C67 /* CheckoutController.swift */ = {isa = PBXFileReference; lastKnownFileType = sourcecode.swift; path = CheckoutController.swift; sourceTree = "<group>"; };
		0A9982AF29AE2C0D000C0C67 /* CheckoutViewModel.swift */ = {isa = PBXFileReference; lastKnownFileType = sourcecode.swift; path = CheckoutViewModel.swift; sourceTree = "<group>"; };
		0A9982B129AE2C17000C0C67 /* CheckoutView.swift */ = {isa = PBXFileReference; lastKnownFileType = sourcecode.swift; path = CheckoutView.swift; sourceTree = "<group>"; };
/* End PBXFileReference section */

/* Begin PBXFrameworksBuildPhase section */
		0A99823229ACF970000C0C67 /* Frameworks */ = {
			isa = PBXFrameworksBuildPhase;
			buildActionMask = 2147483647;
			files = (
				0A99829129ADFAD7000C0C67 /* Kingfisher in Frameworks */,
			);
			runOnlyForDeploymentPostprocessing = 0;
		};
		0A99824829ACF972000C0C67 /* Frameworks */ = {
			isa = PBXFrameworksBuildPhase;
			buildActionMask = 2147483647;
			files = (
			);
			runOnlyForDeploymentPostprocessing = 0;
		};
		0A99825229ACF972000C0C67 /* Frameworks */ = {
			isa = PBXFrameworksBuildPhase;
			buildActionMask = 2147483647;
			files = (
			);
			runOnlyForDeploymentPostprocessing = 0;
		};
/* End PBXFrameworksBuildPhase section */

/* Begin PBXGroup section */
		0A99822C29ACF970000C0C67 = {
			isa = PBXGroup;
			children = (
				0A99823729ACF970000C0C67 /* restmenu */,
				0A99824E29ACF972000C0C67 /* restmenuTests */,
				0A99825829ACF972000C0C67 /* restmenuUITests */,
				0A99823629ACF970000C0C67 /* Products */,
			);
			sourceTree = "<group>";
		};
		0A99823629ACF970000C0C67 /* Products */ = {
			isa = PBXGroup;
			children = (
				0A99823529ACF970000C0C67 /* restmenu.app */,
				0A99824B29ACF972000C0C67 /* restmenuTests.xctest */,
				0A99825529ACF972000C0C67 /* restmenuUITests.xctest */,
			);
			name = Products;
			sourceTree = "<group>";
		};
		0A99823729ACF970000C0C67 /* restmenu */ = {
			isa = PBXGroup;
			children = (
				0A99829729AE255D000C0C67 /* Models */,
				0A99828B29ADFA1E000C0C67 /* ReUsables */,
				0A99828029ADC7F1000C0C67 /* Modules */,
				0A99827229ADC597000C0C67 /* Core */,
				0A99826929AD0661000C0C67 /* Support */,
				0A99826829AD0196000C0C67 /* Coordinator */,
			);
			path = restmenu;
			sourceTree = "<group>";
		};
		0A99824E29ACF972000C0C67 /* restmenuTests */ = {
			isa = PBXGroup;
			children = (
				0A99824F29ACF972000C0C67 /* restmenuTests.swift */,
			);
			path = restmenuTests;
			sourceTree = "<group>";
		};
		0A99825829ACF972000C0C67 /* restmenuUITests */ = {
			isa = PBXGroup;
			children = (
				0A99825929ACF972000C0C67 /* restmenuUITests.swift */,
				0A99825B29ACF972000C0C67 /* restmenuUITestsLaunchTests.swift */,
			);
			path = restmenuUITests;
			sourceTree = "<group>";
		};
		0A99826829AD0196000C0C67 /* Coordinator */ = {
			isa = PBXGroup;
			children = (
				0A99826A29ADC4AE000C0C67 /* Coordinator.swift */,
				0A99826C29ADC4D1000C0C67 /* Route.swift */,
				0A99826E29ADC4EB000C0C67 /* DeepLink.swift */,
				0A99827029ADC508000C0C67 /* BaseCoordinator.swift */,
			);
			path = Coordinator;
			sourceTree = "<group>";
		};
		0A99826929AD0661000C0C67 /* Support */ = {
			isa = PBXGroup;
			children = (
				0A99824129ACF972000C0C67 /* Assets.xcassets */,
				0A99824329ACF972000C0C67 /* LaunchScreen.storyboard */,
				0A99824629ACF972000C0C67 /* Info.plist */,
				0A99823829ACF970000C0C67 /* AppDelegate.swift */,
				0A99823A29ACF970000C0C67 /* SceneDelegate.swift */,
			);
			name = Support;
			sourceTree = "<group>";
		};
		0A99827229ADC597000C0C67 /* Core */ = {
			isa = PBXGroup;
			children = (
				0A99827D29ADC787000C0C67 /* Constants */,
				0A99827629ADC6CD000C0C67 /* Base */,
				0A99827329ADC648000C0C67 /* App */,
			);
			path = Core;
			sourceTree = "<group>";
		};
		0A99827329ADC648000C0C67 /* App */ = {
			isa = PBXGroup;
			children = (
				0A99827429ADC65F000C0C67 /* AppCoordinator.swift */,
			);
			path = App;
			sourceTree = "<group>";
		};
		0A99827629ADC6CD000C0C67 /* Base */ = {
			isa = PBXGroup;
			children = (
				0A99827729ADC6DD000C0C67 /* BaseController.swift */,
				0A99827929ADC6E5000C0C67 /* BaseView.swift */,
				0A99827B29ADC6EE000C0C67 /* BaseViewModel.swift */,
			);
			path = Base;
			sourceTree = "<group>";
		};
		0A99827D29ADC787000C0C67 /* Constants */ = {
			isa = PBXGroup;
			children = (
				0A99827E29ADC798000C0C67 /* AppColor.swift */,
			);
			path = Constants;
			sourceTree = "<group>";
		};
		0A99828029ADC7F1000C0C67 /* Modules */ = {
			isa = PBXGroup;
			children = (
				0A99828129ADC7F9000C0C67 /* Home */,
			);
			path = Modules;
			sourceTree = "<group>";
		};
		0A99828129ADC7F9000C0C67 /* Home */ = {
			isa = PBXGroup;
			children = (
				0A9982AC29AE2BF4000C0C67 /* CheckoutController */,
				0A9982A529AE2BC2000C0C67 /* CartController */,
				0A99829E29AE2B85000C0C67 /* FoodItemDetailController */,
				0A99828429ADC8F2000C0C67 /* HomeController */,
				0A99828229ADC80B000C0C67 /* HomeCoordinator.swift */,
			);
			path = Home;
			sourceTree = "<group>";
		};
		0A99828429ADC8F2000C0C67 /* HomeController */ = {
			isa = PBXGroup;
			children = (
				0A99828529ADC903000C0C67 /* HomeController.swift */,
				0A99828729ADC90A000C0C67 /* HomeView.swift */,
				0A99828929ADC913000C0C67 /* HomeViewModel.swift */,
				0A99829229ADFDA7000C0C67 /* Home+CollectionView.swift */,
			);
			path = HomeController;
			sourceTree = "<group>";
		};
		0A99828B29ADFA1E000C0C67 /* ReUsables */ = {
			isa = PBXGroup;
			children = (
				0A99829429AE0FED000C0C67 /* Views */,
				0A99828C29ADFA26000C0C67 /* Cells */,
			);
			path = ReUsables;
			sourceTree = "<group>";
		};
		0A99828C29ADFA26000C0C67 /* Cells */ = {
			isa = PBXGroup;
			children = (
				0A99828D29ADFA5A000C0C67 /* FoodItemCell.swift */,
			);
			path = Cells;
			sourceTree = "<group>";
		};
		0A99829429AE0FED000C0C67 /* Views */ = {
			isa = PBXGroup;
			children = (
				0A99829529AE0FFD000C0C67 /* InfoView.swift */,
				0A99829C29AE28B6000C0C67 /* HeaderView.swift */,
			);
			path = Views;
			sourceTree = "<group>";
		};
		0A99829729AE255D000C0C67 /* Models */ = {
			isa = PBXGroup;
			children = (
				0A99829829AE256A000C0C67 /* FoodItem.swift */,
				0A99829A29AE25C0000C0C67 /* FoodCategory.swift */,
			);
			path = Models;
			sourceTree = "<group>";
		};
		0A99829E29AE2B85000C0C67 /* FoodItemDetailController */ = {
			isa = PBXGroup;
			children = (
				0A99829F29AE2B9E000C0C67 /* FoodItemDetailController.swift */,
				0A9982A129AE2BAA000C0C67 /* FoodItemDetailView.swift */,
				0A9982A329AE2BB9000C0C67 /* FoodItemDetailViewModel.swift */,
			);
			path = FoodItemDetailController;
			sourceTree = "<group>";
		};
		0A9982A529AE2BC2000C0C67 /* CartController */ = {
			isa = PBXGroup;
			children = (
				0A9982A629AE2BD0000C0C67 /* CartController.swift */,
				0A9982A829AE2BDA000C0C67 /* CartViewModel.swift */,
				0A9982AA29AE2BE3000C0C67 /* CartView.swift */,
			);
			path = CartController;
			sourceTree = "<group>";
		};
		0A9982AC29AE2BF4000C0C67 /* CheckoutController */ = {
			isa = PBXGroup;
			children = (
				0A9982AD29AE2C03000C0C67 /* CheckoutController.swift */,
				0A9982AF29AE2C0D000C0C67 /* CheckoutViewModel.swift */,
				0A9982B129AE2C17000C0C67 /* CheckoutView.swift */,
			);
			path = CheckoutController;
			sourceTree = "<group>";
		};
/* End PBXGroup section */

/* Begin PBXNativeTarget section */
		0A99823429ACF970000C0C67 /* restmenu */ = {
			isa = PBXNativeTarget;
			buildConfigurationList = 0A99825F29ACF972000C0C67 /* Build configuration list for PBXNativeTarget "restmenu" */;
			buildPhases = (
				0A99823129ACF970000C0C67 /* Sources */,
				0A99823229ACF970000C0C67 /* Frameworks */,
				0A99823329ACF970000C0C67 /* Resources */,
			);
			buildRules = (
			);
			dependencies = (
			);
			name = restmenu;
			packageProductDependencies = (
				0A99829029ADFAD7000C0C67 /* Kingfisher */,
			);
			productName = restmenu;
			productReference = 0A99823529ACF970000C0C67 /* restmenu.app */;
			productType = "com.apple.product-type.application";
		};
		0A99824A29ACF972000C0C67 /* restmenuTests */ = {
			isa = PBXNativeTarget;
			buildConfigurationList = 0A99826229ACF972000C0C67 /* Build configuration list for PBXNativeTarget "restmenuTests" */;
			buildPhases = (
				0A99824729ACF972000C0C67 /* Sources */,
				0A99824829ACF972000C0C67 /* Frameworks */,
				0A99824929ACF972000C0C67 /* Resources */,
			);
			buildRules = (
			);
			dependencies = (
				0A99824D29ACF972000C0C67 /* PBXTargetDependency */,
			);
			name = restmenuTests;
			productName = restmenuTests;
			productReference = 0A99824B29ACF972000C0C67 /* restmenuTests.xctest */;
			productType = "com.apple.product-type.bundle.unit-test";
		};
		0A99825429ACF972000C0C67 /* restmenuUITests */ = {
			isa = PBXNativeTarget;
			buildConfigurationList = 0A99826529ACF972000C0C67 /* Build configuration list for PBXNativeTarget "restmenuUITests" */;
			buildPhases = (
				0A99825129ACF972000C0C67 /* Sources */,
				0A99825229ACF972000C0C67 /* Frameworks */,
				0A99825329ACF972000C0C67 /* Resources */,
			);
			buildRules = (
			);
			dependencies = (
				0A99825729ACF972000C0C67 /* PBXTargetDependency */,
			);
			name = restmenuUITests;
			productName = restmenuUITests;
			productReference = 0A99825529ACF972000C0C67 /* restmenuUITests.xctest */;
			productType = "com.apple.product-type.bundle.ui-testing";
		};
/* End PBXNativeTarget section */

/* Begin PBXProject section */
		0A99822D29ACF970000C0C67 /* Project object */ = {
			isa = PBXProject;
			attributes = {
				BuildIndependentTargetsInParallel = 1;
				LastSwiftUpdateCheck = 1420;
				LastUpgradeCheck = 1420;
				TargetAttributes = {
					0A99823429ACF970000C0C67 = {
						CreatedOnToolsVersion = 14.2;
					};
					0A99824A29ACF972000C0C67 = {
						CreatedOnToolsVersion = 14.2;
						TestTargetID = 0A99823429ACF970000C0C67;
					};
					0A99825429ACF972000C0C67 = {
						CreatedOnToolsVersion = 14.2;
						TestTargetID = 0A99823429ACF970000C0C67;
					};
				};
			};
			buildConfigurationList = 0A99823029ACF970000C0C67 /* Build configuration list for PBXProject "restmenu" */;
			compatibilityVersion = "Xcode 14.0";
			developmentRegion = en;
			hasScannedForEncodings = 0;
			knownRegions = (
				en,
				Base,
			);
			mainGroup = 0A99822C29ACF970000C0C67;
			packageReferences = (
				0A99828F29ADFAD7000C0C67 /* XCRemoteSwiftPackageReference "Kingfisher" */,
			);
			productRefGroup = 0A99823629ACF970000C0C67 /* Products */;
			projectDirPath = "";
			projectRoot = "";
			targets = (
				0A99823429ACF970000C0C67 /* restmenu */,
				0A99824A29ACF972000C0C67 /* restmenuTests */,
				0A99825429ACF972000C0C67 /* restmenuUITests */,
			);
		};
/* End PBXProject section */

/* Begin PBXResourcesBuildPhase section */
		0A99823329ACF970000C0C67 /* Resources */ = {
			isa = PBXResourcesBuildPhase;
			buildActionMask = 2147483647;
			files = (
				0A99824529ACF972000C0C67 /* LaunchScreen.storyboard in Resources */,
				0A99824229ACF972000C0C67 /* Assets.xcassets in Resources */,
			);
			runOnlyForDeploymentPostprocessing = 0;
		};
		0A99824929ACF972000C0C67 /* Resources */ = {
			isa = PBXResourcesBuildPhase;
			buildActionMask = 2147483647;
			files = (
			);
			runOnlyForDeploymentPostprocessing = 0;
		};
		0A99825329ACF972000C0C67 /* Resources */ = {
			isa = PBXResourcesBuildPhase;
			buildActionMask = 2147483647;
			files = (
			);
			runOnlyForDeploymentPostprocessing = 0;
		};
/* End PBXResourcesBuildPhase section */

/* Begin PBXSourcesBuildPhase section */
		0A99823129ACF970000C0C67 /* Sources */ = {
			isa = PBXSourcesBuildPhase;
			buildActionMask = 2147483647;
			files = (
				0A99826B29ADC4AE000C0C67 /* Coordinator.swift in Sources */,
				0A99828829ADC90A000C0C67 /* HomeView.swift in Sources */,
				0A9982B229AE2C17000C0C67 /* CheckoutView.swift in Sources */,
				0A99827C29ADC6EE000C0C67 /* BaseViewModel.swift in Sources */,
				0A99829B29AE25C0000C0C67 /* FoodCategory.swift in Sources */,
				0A99829929AE256A000C0C67 /* FoodItem.swift in Sources */,
				0A9982AE29AE2C03000C0C67 /* CheckoutController.swift in Sources */,
				0A99827829ADC6DD000C0C67 /* BaseController.swift in Sources */,
				0A99828E29ADFA5A000C0C67 /* FoodItemCell.swift in Sources */,
				0A99823929ACF970000C0C67 /* AppDelegate.swift in Sources */,
				0A9982B029AE2C0D000C0C67 /* CheckoutViewModel.swift in Sources */,
				0A99827F29ADC798000C0C67 /* AppColor.swift in Sources */,
				0A9982AB29AE2BE3000C0C67 /* CartView.swift in Sources */,
				0A99826F29ADC4EB000C0C67 /* DeepLink.swift in Sources */,
				0A99828629ADC903000C0C67 /* HomeController.swift in Sources */,
				0A99827529ADC65F000C0C67 /* AppCoordinator.swift in Sources */,
				0A99828329ADC80B000C0C67 /* HomeCoordinator.swift in Sources */,
				0A9982A229AE2BAA000C0C67 /* FoodItemDetailView.swift in Sources */,
				0A99829D29AE28B6000C0C67 /* HeaderView.swift in Sources */,
				0A99827129ADC508000C0C67 /* BaseCoordinator.swift in Sources */,
				0A9982A929AE2BDA000C0C67 /* CartViewModel.swift in Sources */,
				0A99829329ADFDA7000C0C67 /* Home+CollectionView.swift in Sources */,
				0A99827A29ADC6E5000C0C67 /* BaseView.swift in Sources */,
				0A9982A029AE2B9E000C0C67 /* FoodItemDetailController.swift in Sources */,
				0A99826D29ADC4D1000C0C67 /* Route.swift in Sources */,
				0A99828A29ADC913000C0C67 /* HomeViewModel.swift in Sources */,
				0A99829629AE0FFD000C0C67 /* InfoView.swift in Sources */,
				0A9982A729AE2BD0000C0C67 /* CartController.swift in Sources */,
				0A9982A429AE2BB9000C0C67 /* FoodItemDetailViewModel.swift in Sources */,
				0A99823B29ACF970000C0C67 /* SceneDelegate.swift in Sources */,
			);
			runOnlyForDeploymentPostprocessing = 0;
		};
		0A99824729ACF972000C0C67 /* Sources */ = {
			isa = PBXSourcesBuildPhase;
			buildActionMask = 2147483647;
			files = (
				0A99825029ACF972000C0C67 /* restmenuTests.swift in Sources */,
			);
			runOnlyForDeploymentPostprocessing = 0;
		};
		0A99825129ACF972000C0C67 /* Sources */ = {
			isa = PBXSourcesBuildPhase;
			buildActionMask = 2147483647;
			files = (
				0A99825C29ACF972000C0C67 /* restmenuUITestsLaunchTests.swift in Sources */,
				0A99825A29ACF972000C0C67 /* restmenuUITests.swift in Sources */,
			);
			runOnlyForDeploymentPostprocessing = 0;
		};
/* End PBXSourcesBuildPhase section */

/* Begin PBXTargetDependency section */
		0A99824D29ACF972000C0C67 /* PBXTargetDependency */ = {
			isa = PBXTargetDependency;
			target = 0A99823429ACF970000C0C67 /* restmenu */;
			targetProxy = 0A99824C29ACF972000C0C67 /* PBXContainerItemProxy */;
		};
		0A99825729ACF972000C0C67 /* PBXTargetDependency */ = {
			isa = PBXTargetDependency;
			target = 0A99823429ACF970000C0C67 /* restmenu */;
			targetProxy = 0A99825629ACF972000C0C67 /* PBXContainerItemProxy */;
		};
/* End PBXTargetDependency section */

/* Begin PBXVariantGroup section */
		0A99824329ACF972000C0C67 /* LaunchScreen.storyboard */ = {
			isa = PBXVariantGroup;
			children = (
				0A99824429ACF972000C0C67 /* Base */,
			);
			name = LaunchScreen.storyboard;
			sourceTree = "<group>";
		};
/* End PBXVariantGroup section */

/* Begin XCBuildConfiguration section */
		0A99825D29ACF972000C0C67 /* Debug */ = {
			isa = XCBuildConfiguration;
			buildSettings = {
				ALWAYS_SEARCH_USER_PATHS = NO;
				CLANG_ANALYZER_NONNULL = YES;
				CLANG_ANALYZER_NUMBER_OBJECT_CONVERSION = YES_AGGRESSIVE;
				CLANG_CXX_LANGUAGE_STANDARD = "gnu++20";
				CLANG_ENABLE_MODULES = YES;
				CLANG_ENABLE_OBJC_ARC = YES;
				CLANG_ENABLE_OBJC_WEAK = YES;
				CLANG_WARN_BLOCK_CAPTURE_AUTORELEASING = YES;
				CLANG_WARN_BOOL_CONVERSION = YES;
				CLANG_WARN_COMMA = YES;
				CLANG_WARN_CONSTANT_CONVERSION = YES;
				CLANG_WARN_DEPRECATED_OBJC_IMPLEMENTATIONS = YES;
				CLANG_WARN_DIRECT_OBJC_ISA_USAGE = YES_ERROR;
				CLANG_WARN_DOCUMENTATION_COMMENTS = YES;
				CLANG_WARN_EMPTY_BODY = YES;
				CLANG_WARN_ENUM_CONVERSION = YES;
				CLANG_WARN_INFINITE_RECURSION = YES;
				CLANG_WARN_INT_CONVERSION = YES;
				CLANG_WARN_NON_LITERAL_NULL_CONVERSION = YES;
				CLANG_WARN_OBJC_IMPLICIT_RETAIN_SELF = YES;
				CLANG_WARN_OBJC_LITERAL_CONVERSION = YES;
				CLANG_WARN_OBJC_ROOT_CLASS = YES_ERROR;
				CLANG_WARN_QUOTED_INCLUDE_IN_FRAMEWORK_HEADER = YES;
				CLANG_WARN_RANGE_LOOP_ANALYSIS = YES;
				CLANG_WARN_STRICT_PROTOTYPES = YES;
				CLANG_WARN_SUSPICIOUS_MOVE = YES;
				CLANG_WARN_UNGUARDED_AVAILABILITY = YES_AGGRESSIVE;
				CLANG_WARN_UNREACHABLE_CODE = YES;
				CLANG_WARN__DUPLICATE_METHOD_MATCH = YES;
				COPY_PHASE_STRIP = NO;
				DEBUG_INFORMATION_FORMAT = dwarf;
				ENABLE_STRICT_OBJC_MSGSEND = YES;
				ENABLE_TESTABILITY = YES;
				GCC_C_LANGUAGE_STANDARD = gnu11;
				GCC_DYNAMIC_NO_PIC = NO;
				GCC_NO_COMMON_BLOCKS = YES;
				GCC_OPTIMIZATION_LEVEL = 0;
				GCC_PREPROCESSOR_DEFINITIONS = (
					"DEBUG=1",
					"$(inherited)",
				);
				GCC_WARN_64_TO_32_BIT_CONVERSION = YES;
				GCC_WARN_ABOUT_RETURN_TYPE = YES_ERROR;
				GCC_WARN_UNDECLARED_SELECTOR = YES;
				GCC_WARN_UNINITIALIZED_AUTOS = YES_AGGRESSIVE;
				GCC_WARN_UNUSED_FUNCTION = YES;
				GCC_WARN_UNUSED_VARIABLE = YES;
				IPHONEOS_DEPLOYMENT_TARGET = 16.2;
				MTL_ENABLE_DEBUG_INFO = INCLUDE_SOURCE;
				MTL_FAST_MATH = YES;
				ONLY_ACTIVE_ARCH = YES;
				SDKROOT = iphoneos;
				SWIFT_ACTIVE_COMPILATION_CONDITIONS = DEBUG;
				SWIFT_OPTIMIZATION_LEVEL = "-Onone";
			};
			name = Debug;
		};
		0A99825E29ACF972000C0C67 /* Release */ = {
			isa = XCBuildConfiguration;
			buildSettings = {
				ALWAYS_SEARCH_USER_PATHS = NO;
				CLANG_ANALYZER_NONNULL = YES;
				CLANG_ANALYZER_NUMBER_OBJECT_CONVERSION = YES_AGGRESSIVE;
				CLANG_CXX_LANGUAGE_STANDARD = "gnu++20";
				CLANG_ENABLE_MODULES = YES;
				CLANG_ENABLE_OBJC_ARC = YES;
				CLANG_ENABLE_OBJC_WEAK = YES;
				CLANG_WARN_BLOCK_CAPTURE_AUTORELEASING = YES;
				CLANG_WARN_BOOL_CONVERSION = YES;
				CLANG_WARN_COMMA = YES;
				CLANG_WARN_CONSTANT_CONVERSION = YES;
				CLANG_WARN_DEPRECATED_OBJC_IMPLEMENTATIONS = YES;
				CLANG_WARN_DIRECT_OBJC_ISA_USAGE = YES_ERROR;
				CLANG_WARN_DOCUMENTATION_COMMENTS = YES;
				CLANG_WARN_EMPTY_BODY = YES;
				CLANG_WARN_ENUM_CONVERSION = YES;
				CLANG_WARN_INFINITE_RECURSION = YES;
				CLANG_WARN_INT_CONVERSION = YES;
				CLANG_WARN_NON_LITERAL_NULL_CONVERSION = YES;
				CLANG_WARN_OBJC_IMPLICIT_RETAIN_SELF = YES;
				CLANG_WARN_OBJC_LITERAL_CONVERSION = YES;
				CLANG_WARN_OBJC_ROOT_CLASS = YES_ERROR;
				CLANG_WARN_QUOTED_INCLUDE_IN_FRAMEWORK_HEADER = YES;
				CLANG_WARN_RANGE_LOOP_ANALYSIS = YES;
				CLANG_WARN_STRICT_PROTOTYPES = YES;
				CLANG_WARN_SUSPICIOUS_MOVE = YES;
				CLANG_WARN_UNGUARDED_AVAILABILITY = YES_AGGRESSIVE;
				CLANG_WARN_UNREACHABLE_CODE = YES;
				CLANG_WARN__DUPLICATE_METHOD_MATCH = YES;
				COPY_PHASE_STRIP = NO;
				DEBUG_INFORMATION_FORMAT = "dwarf-with-dsym";
				ENABLE_NS_ASSERTIONS = NO;
				ENABLE_STRICT_OBJC_MSGSEND = YES;
				GCC_C_LANGUAGE_STANDARD = gnu11;
				GCC_NO_COMMON_BLOCKS = YES;
				GCC_WARN_64_TO_32_BIT_CONVERSION = YES;
				GCC_WARN_ABOUT_RETURN_TYPE = YES_ERROR;
				GCC_WARN_UNDECLARED_SELECTOR = YES;
				GCC_WARN_UNINITIALIZED_AUTOS = YES_AGGRESSIVE;
				GCC_WARN_UNUSED_FUNCTION = YES;
				GCC_WARN_UNUSED_VARIABLE = YES;
				IPHONEOS_DEPLOYMENT_TARGET = 16.2;
				MTL_ENABLE_DEBUG_INFO = NO;
				MTL_FAST_MATH = YES;
				SDKROOT = iphoneos;
				SWIFT_COMPILATION_MODE = wholemodule;
				SWIFT_OPTIMIZATION_LEVEL = "-O";
				VALIDATE_PRODUCT = YES;
			};
			name = Release;
		};
		0A99826029ACF972000C0C67 /* Debug */ = {
			isa = XCBuildConfiguration;
			buildSettings = {
				ASSETCATALOG_COMPILER_APPICON_NAME = AppIcon;
				ASSETCATALOG_COMPILER_GLOBAL_ACCENT_COLOR_NAME = AccentColor;
				CODE_SIGN_STYLE = Automatic;
				CURRENT_PROJECT_VERSION = 1;
				GENERATE_INFOPLIST_FILE = YES;
				INFOPLIST_FILE = restmenu/Info.plist;
				INFOPLIST_KEY_UIApplicationSupportsIndirectInputEvents = YES;
				INFOPLIST_KEY_UILaunchStoryboardName = LaunchScreen;
				INFOPLIST_KEY_UISupportedInterfaceOrientations_iPad = "UIInterfaceOrientationPortrait UIInterfaceOrientationPortraitUpsideDown UIInterfaceOrientationLandscapeLeft UIInterfaceOrientationLandscapeRight";
				INFOPLIST_KEY_UISupportedInterfaceOrientations_iPhone = "UIInterfaceOrientationPortrait UIInterfaceOrientationLandscapeLeft UIInterfaceOrientationLandscapeRight";
				LD_RUNPATH_SEARCH_PATHS = (
					"$(inherited)",
					"@executable_path/Frameworks",
				);
				MARKETING_VERSION = 1.0;
				PRODUCT_BUNDLE_IDENTIFIER = com.example.restmenu;
				PRODUCT_NAME = "$(TARGET_NAME)";
				SWIFT_EMIT_LOC_STRINGS = YES;
				SWIFT_VERSION = 5.0;
				TARGETED_DEVICE_FAMILY = "1,2";
			};
			name = Debug;
		};
		0A99826129ACF972000C0C67 /* Release */ = {
			isa = XCBuildConfiguration;
			buildSettings = {
				ASSETCATALOG_COMPILER_APPICON_NAME = AppIcon;
				ASSETCATALOG_COMPILER_GLOBAL_ACCENT_COLOR_NAME = AccentColor;
				CODE_SIGN_STYLE = Automatic;
				CURRENT_PROJECT_VERSION = 1;
				GENERATE_INFOPLIST_FILE = YES;
				INFOPLIST_FILE = restmenu/Info.plist;
				INFOPLIST_KEY_UIApplicationSupportsIndirectInputEvents = YES;
				INFOPLIST_KEY_UILaunchStoryboardName = LaunchScreen;
				INFOPLIST_KEY_UISupportedInterfaceOrientations_iPad = "UIInterfaceOrientationPortrait UIInterfaceOrientationPortraitUpsideDown UIInterfaceOrientationLandscapeLeft UIInterfaceOrientationLandscapeRight";
				INFOPLIST_KEY_UISupportedInterfaceOrientations_iPhone = "UIInterfaceOrientationPortrait UIInterfaceOrientationLandscapeLeft UIInterfaceOrientationLandscapeRight";
				LD_RUNPATH_SEARCH_PATHS = (
					"$(inherited)",
					"@executable_path/Frameworks",
				);
				MARKETING_VERSION = 1.0;
				PRODUCT_BUNDLE_IDENTIFIER = com.example.restmenu;
				PRODUCT_NAME = "$(TARGET_NAME)";
				SWIFT_EMIT_LOC_STRINGS = YES;
				SWIFT_VERSION = 5.0;
				TARGETED_DEVICE_FAMILY = "1,2";
			};
			name = Release;
		};
		0A99826329ACF972000C0C67 /* Debug */ = {
			isa = XCBuildConfiguration;
			buildSettings = {
				ALWAYS_EMBED_SWIFT_STANDARD_LIBRARIES = YES;
				BUNDLE_LOADER = "$(TEST_HOST)";
				CODE_SIGN_STYLE = Automatic;
				CURRENT_PROJECT_VERSION = 1;
				GENERATE_INFOPLIST_FILE = YES;
				IPHONEOS_DEPLOYMENT_TARGET = 16.2;
				MARKETING_VERSION = 1.0;
				PRODUCT_BUNDLE_IDENTIFIER = com.example.restmenuTests;
				PRODUCT_NAME = "$(TARGET_NAME)";
				SWIFT_EMIT_LOC_STRINGS = NO;
				SWIFT_VERSION = 5.0;
				TARGETED_DEVICE_FAMILY = "1,2";
				TEST_HOST = "$(BUILT_PRODUCTS_DIR)/restmenu.app/$(BUNDLE_EXECUTABLE_FOLDER_PATH)/restmenu";
			};
			name = Debug;
		};
		0A99826429ACF972000C0C67 /* Release */ = {
			isa = XCBuildConfiguration;
			buildSettings = {
				ALWAYS_EMBED_SWIFT_STANDARD_LIBRARIES = YES;
				BUNDLE_LOADER = "$(TEST_HOST)";
				CODE_SIGN_STYLE = Automatic;
				CURRENT_PROJECT_VERSION = 1;
				GENERATE_INFOPLIST_FILE = YES;
				IPHONEOS_DEPLOYMENT_TARGET = 16.2;
				MARKETING_VERSION = 1.0;
				PRODUCT_BUNDLE_IDENTIFIER = com.example.restmenuTests;
				PRODUCT_NAME = "$(TARGET_NAME)";
				SWIFT_EMIT_LOC_STRINGS = NO;
				SWIFT_VERSION = 5.0;
				TARGETED_DEVICE_FAMILY = "1,2";
				TEST_HOST = "$(BUILT_PRODUCTS_DIR)/restmenu.app/$(BUNDLE_EXECUTABLE_FOLDER_PATH)/restmenu";
			};
			name = Release;
		};
		0A99826629ACF972000C0C67 /* Debug */ = {
			isa = XCBuildConfiguration;
			buildSettings = {
				ALWAYS_EMBED_SWIFT_STANDARD_LIBRARIES = YES;
				CODE_SIGN_STYLE = Automatic;
				CURRENT_PROJECT_VERSION = 1;
				GENERATE_INFOPLIST_FILE = YES;
				MARKETING_VERSION = 1.0;
				PRODUCT_BUNDLE_IDENTIFIER = com.example.restmenuUITests;
				PRODUCT_NAME = "$(TARGET_NAME)";
				SWIFT_EMIT_LOC_STRINGS = NO;
				SWIFT_VERSION = 5.0;
				TARGETED_DEVICE_FAMILY = "1,2";
				TEST_TARGET_NAME = restmenu;
			};
			name = Debug;
		};
		0A99826729ACF972000C0C67 /* Release */ = {
			isa = XCBuildConfiguration;
			buildSettings = {
				ALWAYS_EMBED_SWIFT_STANDARD_LIBRARIES = YES;
				CODE_SIGN_STYLE = Automatic;
				CURRENT_PROJECT_VERSION = 1;
				GENERATE_INFOPLIST_FILE = YES;
				MARKETING_VERSION = 1.0;
				PRODUCT_BUNDLE_IDENTIFIER = com.example.restmenuUITests;
				PRODUCT_NAME = "$(TARGET_NAME)";
				SWIFT_EMIT_LOC_STRINGS = NO;
				SWIFT_VERSION = 5.0;
				TARGETED_DEVICE_FAMILY = "1,2";
				TEST_TARGET_NAME = restmenu;
			};
			name = Release;
		};
/* End XCBuildConfiguration section */

/* Begin XCConfigurationList section */
		0A99823029ACF970000C0C67 /* Build configuration list for PBXProject "restmenu" */ = {
			isa = XCConfigurationList;
			buildConfigurations = (
				0A99825D29ACF972000C0C67 /* Debug */,
				0A99825E29ACF972000C0C67 /* Release */,
			);
			defaultConfigurationIsVisible = 0;
			defaultConfigurationName = Release;
		};
		0A99825F29ACF972000C0C67 /* Build configuration list for PBXNativeTarget "restmenu" */ = {
			isa = XCConfigurationList;
			buildConfigurations = (
				0A99826029ACF972000C0C67 /* Debug */,
				0A99826129ACF972000C0C67 /* Release */,
			);
			defaultConfigurationIsVisible = 0;
			defaultConfigurationName = Release;
		};
		0A99826229ACF972000C0C67 /* Build configuration list for PBXNativeTarget "restmenuTests" */ = {
			isa = XCConfigurationList;
			buildConfigurations = (
				0A99826329ACF972000C0C67 /* Debug */,
				0A99826429ACF972000C0C67 /* Release */,
			);
			defaultConfigurationIsVisible = 0;
			defaultConfigurationName = Release;
		};
		0A99826529ACF972000C0C67 /* Build configuration list for PBXNativeTarget "restmenuUITests" */ = {
			isa = XCConfigurationList;
			buildConfigurations = (
				0A99826629ACF972000C0C67 /* Debug */,
				0A99826729ACF972000C0C67 /* Release */,
			);
			defaultConfigurationIsVisible = 0;
			defaultConfigurationName = Release;
		};
/* End XCConfigurationList section */

/* Begin XCRemoteSwiftPackageReference section */
		0A99828F29ADFAD7000C0C67 /* XCRemoteSwiftPackageReference "Kingfisher" */ = {
			isa = XCRemoteSwiftPackageReference;
			repositoryURL = "https://github.com/onevcat/Kingfisher";
			requirement = {
				kind = upToNextMajorVersion;
				minimumVersion = 7.0.0;
			};
		};
/* End XCRemoteSwiftPackageReference section */

/* Begin XCSwiftPackageProductDependency section */
		0A99829029ADFAD7000C0C67 /* Kingfisher */ = {
			isa = XCSwiftPackageProductDependency;
			package = 0A99828F29ADFAD7000C0C67 /* XCRemoteSwiftPackageReference "Kingfisher" */;
			productName = Kingfisher;
		};
/* End XCSwiftPackageProductDependency section */
	};
	rootObject = 0A99822D29ACF970000C0C67 /* Project object */;
}
